
Microsoft Visual Studio Solution File, Format Version 12.00
# Visual Studio Version 16
VisualStudioVersion = 16.0.29306.81
MinimumVisualStudioVersion = 10.0.40219.1
Project("{9A19103F-16F7-4668-BE54-9A1E7A4F7556}") = "Solaris.BlockExplorer.Indexer", "Solaris.BlockExplorer.Indexer\Solaris.BlockExplorer.Indexer.csproj", "{23ECA92F-D4AD-4FCE-9AEE-9D410AE06340}"
EndProject
Project("{2150E333-8FDC-42A3-9474-1A3956D46DE8}") = "Indexer", "Indexer", "{9CC3158C-CB86-4AA6-AB2B-36B4F80E8C8E}"
EndProject
Project("{2150E333-8FDC-42A3-9474-1A3956D46DE8}") = "Frontend", "Frontend", "{78DE58D0-8644-421D-B6A9-D17C2054ADA8}"
EndProject
Project("{9A19103F-16F7-4668-BE54-9A1E7A4F7556}") = "Solaris.BlockExplorer.UI", "Solaris.BlockExplorer.UI\Solaris.BlockExplorer.UI.csproj", "{584CB6AF-68D4-4434-A800-A54FF3D92122}"
EndProject
Project("{2150E333-8FDC-42A3-9474-1A3956D46DE8}") = "DataAccess", "DataAccess", "{84ED051B-D7E3-44DF-8C2D-8F9C98ED4D12}"
EndProject
Project("{9A19103F-16F7-4668-BE54-9A1E7A4F7556}") = "Solaris.BlockExplorer.DataAccess", "Solaris.BlockExplorer.DataAccess\Solaris.BlockExplorer.DataAccess.csproj", "{091D6521-89F8-4969-B360-FD664701BC33}"
EndProject
Project("{00D1A9C2-B5F0-4AF3-8072-F6C62B433612}") = "Solaris.BlockExplorer.Database", "Solaris.BlockExplorer.Database\Solaris.BlockExplorer.Database.sqlproj", "{8F2FCBC5-850B-4757-A08D-54734001F12C}"
EndProject
Project("{2150E333-8FDC-42A3-9474-1A3956D46DE8}") = "Domain", "Domain", "{C5D2FF58-C774-464C-A17D-ABAC8DBCC0B7}"
EndProject
Project("{9A19103F-16F7-4668-BE54-9A1E7A4F7556}") = "Solaris.BlockExplorer.Domain", "Solaris.BlockExplorer.Domain\Solaris.BlockExplorer.Domain.csproj", "{D1802E1A-BC48-4145-8916-D83A659B0207}"
EndProject
Project("{9A19103F-16F7-4668-BE54-9A1E7A4F7556}") = "Solaris.BlockExplorer.Indexer.Networks", "Solaris.BlockExplorer.Indexer.Networks\Solaris.BlockExplorer.Indexer.Networks.csproj", "{76EF8AF2-7C7F-4215-B67A-BD3268952C3A}"
EndProject
Project("{FAE04EC0-301F-11D3-BF4B-00C04F79EFBC}") = "Solaris.BlockExplorer.Indexer.ColdStaking", "Solaris.BlockExplorer.Indexer.ColdStaking\Solaris.BlockExplorer.Indexer.ColdStaking.csproj", "{C87BB8FC-4FA2-4CD6-9FD0-C3126A5A8B3F}"
EndProject
Global
	GlobalSection(SolutionConfigurationPlatforms) = preSolution
		Debug|Any CPU = Debug|Any CPU
		Debug|x64 = Debug|x64
		Debug|x86 = Debug|x86
		Release|Any CPU = Release|Any CPU
		Release|x64 = Release|x64
		Release|x86 = Release|x86
	EndGlobalSection
	GlobalSection(ProjectConfigurationPlatforms) = postSolution
		{23ECA92F-D4AD-4FCE-9AEE-9D410AE06340}.Debug|Any CPU.ActiveCfg = Debug|Any CPU
		{23ECA92F-D4AD-4FCE-9AEE-9D410AE06340}.Debug|Any CPU.Build.0 = Debug|Any CPU
		{23ECA92F-D4AD-4FCE-9AEE-9D410AE06340}.Debug|x64.ActiveCfg = Debug|Any CPU
		{23ECA92F-D4AD-4FCE-9AEE-9D410AE06340}.Debug|x64.Build.0 = Debug|Any CPU
		{23ECA92F-D4AD-4FCE-9AEE-9D410AE06340}.Debug|x86.ActiveCfg = Debug|Any CPU
		{23ECA92F-D4AD-4FCE-9AEE-9D410AE06340}.Debug|x86.Build.0 = Debug|Any CPU
		{23ECA92F-D4AD-4FCE-9AEE-9D410AE06340}.Release|Any CPU.ActiveCfg = Release|Any CPU
		{23ECA92F-D4AD-4FCE-9AEE-9D410AE06340}.Release|Any CPU.Build.0 = Release|Any CPU
		{23ECA92F-D4AD-4FCE-9AEE-9D410AE06340}.Release|x64.ActiveCfg = Release|Any CPU
		{23ECA92F-D4AD-4FCE-9AEE-9D410AE06340}.Release|x64.Build.0 = Release|Any CPU
		{23ECA92F-D4AD-4FCE-9AEE-9D410AE06340}.Release|x86.ActiveCfg = Release|Any CPU
		{23ECA92F-D4AD-4FCE-9AEE-9D410AE06340}.Release|x86.Build.0 = Release|Any CPU
		{584CB6AF-68D4-4434-A800-A54FF3D92122}.Debug|Any CPU.ActiveCfg = Debug|Any CPU
		{584CB6AF-68D4-4434-A800-A54FF3D92122}.Debug|Any CPU.Build.0 = Debug|Any CPU
		{584CB6AF-68D4-4434-A800-A54FF3D92122}.Debug|x64.ActiveCfg = Debug|Any CPU
		{584CB6AF-68D4-4434-A800-A54FF3D92122}.Debug|x64.Build.0 = Debug|Any CPU
		{584CB6AF-68D4-4434-A800-A54FF3D92122}.Debug|x86.ActiveCfg = Debug|Any CPU
		{584CB6AF-68D4-4434-A800-A54FF3D92122}.Debug|x86.Build.0 = Debug|Any CPU
		{584CB6AF-68D4-4434-A800-A54FF3D92122}.Release|Any CPU.ActiveCfg = Release|Any CPU
		{584CB6AF-68D4-4434-A800-A54FF3D92122}.Release|Any CPU.Build.0 = Release|Any CPU
		{584CB6AF-68D4-4434-A800-A54FF3D92122}.Release|x64.ActiveCfg = Release|Any CPU
		{584CB6AF-68D4-4434-A800-A54FF3D92122}.Release|x64.Build.0 = Release|Any CPU
		{584CB6AF-68D4-4434-A800-A54FF3D92122}.Release|x86.ActiveCfg = Release|Any CPU
		{584CB6AF-68D4-4434-A800-A54FF3D92122}.Release|x86.Build.0 = Release|Any CPU
		{091D6521-89F8-4969-B360-FD664701BC33}.Debug|Any CPU.ActiveCfg = Debug|Any CPU
		{091D6521-89F8-4969-B360-FD664701BC33}.Debug|Any CPU.Build.0 = Debug|Any CPU
		{091D6521-89F8-4969-B360-FD664701BC33}.Debug|x64.ActiveCfg = Debug|Any CPU
		{091D6521-89F8-4969-B360-FD664701BC33}.Debug|x64.Build.0 = Debug|Any CPU
		{091D6521-89F8-4969-B360-FD664701BC33}.Debug|x86.ActiveCfg = Debug|Any CPU
		{091D6521-89F8-4969-B360-FD664701BC33}.Debug|x86.Build.0 = Debug|Any CPU
		{091D6521-89F8-4969-B360-FD664701BC33}.Release|Any CPU.ActiveCfg = Release|Any CPU
		{091D6521-89F8-4969-B360-FD664701BC33}.Release|Any CPU.Build.0 = Release|Any CPU
		{091D6521-89F8-4969-B360-FD664701BC33}.Release|x64.ActiveCfg = Release|Any CPU
		{091D6521-89F8-4969-B360-FD664701BC33}.Release|x64.Build.0 = Release|Any CPU
		{091D6521-89F8-4969-B360-FD664701BC33}.Release|x86.ActiveCfg = Release|Any CPU
		{091D6521-89F8-4969-B360-FD664701BC33}.Release|x86.Build.0 = Release|Any CPU
		{8F2FCBC5-850B-4757-A08D-54734001F12C}.Debug|Any CPU.ActiveCfg = Debug|Any CPU
		{8F2FCBC5-850B-4757-A08D-54734001F12C}.Debug|Any CPU.Build.0 = Debug|Any CPU
		{8F2FCBC5-850B-4757-A08D-54734001F12C}.Debug|Any CPU.Deploy.0 = Debug|Any CPU
		{8F2FCBC5-850B-4757-A08D-54734001F12C}.Debug|x64.ActiveCfg = Debug|Any CPU
		{8F2FCBC5-850B-4757-A08D-54734001F12C}.Debug|x64.Build.0 = Debug|Any CPU
		{8F2FCBC5-850B-4757-A08D-54734001F12C}.Debug|x64.Deploy.0 = Debug|Any CPU
		{8F2FCBC5-850B-4757-A08D-54734001F12C}.Debug|x86.ActiveCfg = Debug|Any CPU
		{8F2FCBC5-850B-4757-A08D-54734001F12C}.Debug|x86.Build.0 = Debug|Any CPU
		{8F2FCBC5-850B-4757-A08D-54734001F12C}.Debug|x86.Deploy.0 = Debug|Any CPU
		{8F2FCBC5-850B-4757-A08D-54734001F12C}.Release|Any CPU.ActiveCfg = Release|Any CPU
		{8F2FCBC5-850B-4757-A08D-54734001F12C}.Release|Any CPU.Build.0 = Release|Any CPU
		{8F2FCBC5-850B-4757-A08D-54734001F12C}.Release|Any CPU.Deploy.0 = Release|Any CPU
		{8F2FCBC5-850B-4757-A08D-54734001F12C}.Release|x64.ActiveCfg = Release|Any CPU
		{8F2FCBC5-850B-4757-A08D-54734001F12C}.Release|x64.Build.0 = Release|Any CPU
		{8F2FCBC5-850B-4757-A08D-54734001F12C}.Release|x64.Deploy.0 = Release|Any CPU
		{8F2FCBC5-850B-4757-A08D-54734001F12C}.Release|x86.ActiveCfg = Release|Any CPU
		{8F2FCBC5-850B-4757-A08D-54734001F12C}.Release|x86.Build.0 = Release|Any CPU
		{8F2FCBC5-850B-4757-A08D-54734001F12C}.Release|x86.Deploy.0 = Release|Any CPU
		{D1802E1A-BC48-4145-8916-D83A659B0207}.Debug|Any CPU.ActiveCfg = Debug|Any CPU
		{D1802E1A-BC48-4145-8916-D83A659B0207}.Debug|Any CPU.Build.0 = Debug|Any CPU
		{D1802E1A-BC48-4145-8916-D83A659B0207}.Debug|x64.ActiveCfg = Debug|Any CPU
		{D1802E1A-BC48-4145-8916-D83A659B0207}.Debug|x64.Build.0 = Debug|Any CPU
		{D1802E1A-BC48-4145-8916-D83A659B0207}.Debug|x86.ActiveCfg = Debug|Any CPU
		{D1802E1A-BC48-4145-8916-D83A659B0207}.Debug|x86.Build.0 = Debug|Any CPU
		{D1802E1A-BC48-4145-8916-D83A659B0207}.Release|Any CPU.ActiveCfg = Release|Any CPU
		{D1802E1A-BC48-4145-8916-D83A659B0207}.Release|Any CPU.Build.0 = Release|Any CPU
		{D1802E1A-BC48-4145-8916-D83A659B0207}.Release|x64.ActiveCfg = Release|Any CPU
		{D1802E1A-BC48-4145-8916-D83A659B0207}.Release|x64.Build.0 = Release|Any CPU
		{D1802E1A-BC48-4145-8916-D83A659B0207}.Release|x86.ActiveCfg = Release|Any CPU
		{D1802E1A-BC48-4145-8916-D83A659B0207}.Release|x86.Build.0 = Release|Any CPU
		{76EF8AF2-7C7F-4215-B67A-BD3268952C3A}.Debug|Any CPU.ActiveCfg = Debug|Any CPU
		{76EF8AF2-7C7F-4215-B67A-BD3268952C3A}.Debug|Any CPU.Build.0 = Debug|Any CPU
		{76EF8AF2-7C7F-4215-B67A-BD3268952C3A}.Debug|x64.ActiveCfg = Debug|Any CPU
		{76EF8AF2-7C7F-4215-B67A-BD3268952C3A}.Debug|x64.Build.0 = Debug|Any CPU
		{76EF8AF2-7C7F-4215-B67A-BD3268952C3A}.Debug|x86.ActiveCfg = Debug|Any CPU
		{76EF8AF2-7C7F-4215-B67A-BD3268952C3A}.Debug|x86.Build.0 = Debug|Any CPU
		{76EF8AF2-7C7F-4215-B67A-BD3268952C3A}.Release|Any CPU.ActiveCfg = Release|Any CPU
		{76EF8AF2-7C7F-4215-B67A-BD3268952C3A}.Release|Any CPU.Build.0 = Release|Any CPU
		{76EF8AF2-7C7F-4215-B67A-BD3268952C3A}.Release|x64.ActiveCfg = Release|Any CPU
		{76EF8AF2-7C7F-4215-B67A-BD3268952C3A}.Release|x64.Build.0 = Release|Any CPU
		{76EF8AF2-7C7F-4215-B67A-BD3268952C3A}.Release|x86.ActiveCfg = Release|Any CPU
		{76EF8AF2-7C7F-4215-B67A-BD3268952C3A}.Release|x86.Build.0 = Release|Any CPU
		{C87BB8FC-4FA2-4CD6-9FD0-C3126A5A8B3F}.Debug|Any CPU.ActiveCfg = Debug|Any CPU
		{C87BB8FC-4FA2-4CD6-9FD0-C3126A5A8B3F}.Debug|Any CPU.Build.0 = Debug|Any CPU
		{C87BB8FC-4FA2-4CD6-9FD0-C3126A5A8B3F}.Debug|x64.ActiveCfg = Debug|Any CPU
		{C87BB8FC-4FA2-4CD6-9FD0-C3126A5A8B3F}.Debug|x64.Build.0 = Debug|Any CPU
		{C87BB8FC-4FA2-4CD6-9FD0-C3126A5A8B3F}.Debug|x86.ActiveCfg = Debug|Any CPU
		{C87BB8FC-4FA2-4CD6-9FD0-C3126A5A8B3F}.Debug|x86.Build.0 = Debug|Any CPU
		{C87BB8FC-4FA2-4CD6-9FD0-C3126A5A8B3F}.Release|Any CPU.ActiveCfg = Release|Any CPU
		{C87BB8FC-4FA2-4CD6-9FD0-C3126A5A8B3F}.Release|Any CPU.Build.0 = Release|Any CPU
		{C87BB8FC-4FA2-4CD6-9FD0-C3126A5A8B3F}.Release|x64.ActiveCfg = Release|Any CPU
		{C87BB8FC-4FA2-4CD6-9FD0-C3126A5A8B3F}.Release|x64.Build.0 = Release|Any CPU
		{C87BB8FC-4FA2-4CD6-9FD0-C3126A5A8B3F}.Release|x86.ActiveCfg = Release|Any CPU
		{C87BB8FC-4FA2-4CD6-9FD0-C3126A5A8B3F}.Release|x86.Build.0 = Release|Any CPU
	EndGlobalSection
	GlobalSection(SolutionProperties) = preSolution
		HideSolutionNode = FALSE
	EndGlobalSection
	GlobalSection(NestedProjects) = preSolution
		{23ECA92F-D4AD-4FCE-9AEE-9D410AE06340} = {9CC3158C-CB86-4AA6-AB2B-36B4F80E8C8E}
		{584CB6AF-68D4-4434-A800-A54FF3D92122} = {78DE58D0-8644-421D-B6A9-D17C2054ADA8}
		{091D6521-89F8-4969-B360-FD664701BC33} = {84ED051B-D7E3-44DF-8C2D-8F9C98ED4D12}
		{8F2FCBC5-850B-4757-A08D-54734001F12C} = {84ED051B-D7E3-44DF-8C2D-8F9C98ED4D12}
		{D1802E1A-BC48-4145-8916-D83A659B0207} = {C5D2FF58-C774-464C-A17D-ABAC8DBCC0B7}
		{76EF8AF2-7C7F-4215-B67A-BD3268952C3A} = {9CC3158C-CB86-4AA6-AB2B-36B4F80E8C8E}
		{C87BB8FC-4FA2-4CD6-9FD0-C3126A5A8B3F} = {9CC3158C-CB86-4AA6-AB2B-36B4F80E8C8E}
	EndGlobalSection
	GlobalSection(ExtensibilityGlobals) = postSolution
		SolutionGuid = {E5E1919F-C1A5-4F5B-9A9F-D5100A544C04}
	EndGlobalSection
EndGlobal
