
Microsoft Visual Studio Solution File, Format Version 12.00
# Visual Studio Version 16
VisualStudioVersion = 16.0.29102.190
MinimumVisualStudioVersion = 10.0.40219.1
Project("{FAE04EC0-301F-11D3-BF4B-00C04F79EFBC}") = "Solaris.BlockExplorer.Indexer", "Solaris.BlockExplorer.Indexer\Solaris.BlockExplorer.Indexer.csproj", "{23ECA92F-D4AD-4FCE-9AEE-9D410AE06340}"
EndProject
Project("{FAE04EC0-301F-11D3-BF4B-00C04F79EFBC}") = "Solaris.BlockExplorer.Indexer.Domain", "Solaris.BlockExplorer.Indexer.Domain\Solaris.BlockExplorer.Indexer.Domain.csproj", "{00AACB7D-E602-441D-B899-CCEB0DD65EE0}"
EndProject
Project("{FAE04EC0-301F-11D3-BF4B-00C04F79EFBC}") = "Solaris.BlockExplorer.Indexer.DataAccess", "Solaris.BlockExplorer.Indexer.DataAccess\Solaris.BlockExplorer.Indexer.DataAccess.csproj", "{77D86DE3-52B5-459C-AF93-285E2C4D385D}"
EndProject
Project("{2150E333-8FDC-42A3-9474-1A3956D46DE8}") = "Indexer", "Indexer", "{9CC3158C-CB86-4AA6-AB2B-36B4F80E8C8E}"
EndProject
Project("{2150E333-8FDC-42A3-9474-1A3956D46DE8}") = "Frontend", "Frontend", "{78DE58D0-8644-421D-B6A9-D17C2054ADA8}"
EndProject
Project("{FAE04EC0-301F-11D3-BF4B-00C04F79EFBC}") = "Solaris.BlockExplorer.UI", "Solaris.BlockExplorer.UI\Solaris.BlockExplorer.UI.csproj", "{584CB6AF-68D4-4434-A800-A54FF3D92122}"
EndProject
Global
	GlobalSection(SolutionConfigurationPlatforms) = preSolution
		Debug|Any CPU = Debug|Any CPU
		Release|Any CPU = Release|Any CPU
	EndGlobalSection
	GlobalSection(ProjectConfigurationPlatforms) = postSolution
		{23ECA92F-D4AD-4FCE-9AEE-9D410AE06340}.Debug|Any CPU.ActiveCfg = Debug|Any CPU
		{23ECA92F-D4AD-4FCE-9AEE-9D410AE06340}.Debug|Any CPU.Build.0 = Debug|Any CPU
		{23ECA92F-D4AD-4FCE-9AEE-9D410AE06340}.Release|Any CPU.ActiveCfg = Release|Any CPU
		{23ECA92F-D4AD-4FCE-9AEE-9D410AE06340}.Release|Any CPU.Build.0 = Release|Any CPU
		{00AACB7D-E602-441D-B899-CCEB0DD65EE0}.Debug|Any CPU.ActiveCfg = Debug|Any CPU
		{00AACB7D-E602-441D-B899-CCEB0DD65EE0}.Debug|Any CPU.Build.0 = Debug|Any CPU
		{00AACB7D-E602-441D-B899-CCEB0DD65EE0}.Release|Any CPU.ActiveCfg = Release|Any CPU
		{00AACB7D-E602-441D-B899-CCEB0DD65EE0}.Release|Any CPU.Build.0 = Release|Any CPU
		{77D86DE3-52B5-459C-AF93-285E2C4D385D}.Debug|Any CPU.ActiveCfg = Debug|Any CPU
		{77D86DE3-52B5-459C-AF93-285E2C4D385D}.Debug|Any CPU.Build.0 = Debug|Any CPU
		{77D86DE3-52B5-459C-AF93-285E2C4D385D}.Release|Any CPU.ActiveCfg = Release|Any CPU
		{77D86DE3-52B5-459C-AF93-285E2C4D385D}.Release|Any CPU.Build.0 = Release|Any CPU
		{584CB6AF-68D4-4434-A800-A54FF3D92122}.Debug|Any CPU.ActiveCfg = Debug|Any CPU
		{584CB6AF-68D4-4434-A800-A54FF3D92122}.Debug|Any CPU.Build.0 = Debug|Any CPU
		{584CB6AF-68D4-4434-A800-A54FF3D92122}.Release|Any CPU.ActiveCfg = Release|Any CPU
		{584CB6AF-68D4-4434-A800-A54FF3D92122}.Release|Any CPU.Build.0 = Release|Any CPU
	EndGlobalSection
	GlobalSection(SolutionProperties) = preSolution
		HideSolutionNode = FALSE
	EndGlobalSection
	GlobalSection(NestedProjects) = preSolution
		{23ECA92F-D4AD-4FCE-9AEE-9D410AE06340} = {9CC3158C-CB86-4AA6-AB2B-36B4F80E8C8E}
		{00AACB7D-E602-441D-B899-CCEB0DD65EE0} = {9CC3158C-CB86-4AA6-AB2B-36B4F80E8C8E}
		{77D86DE3-52B5-459C-AF93-285E2C4D385D} = {9CC3158C-CB86-4AA6-AB2B-36B4F80E8C8E}
		{584CB6AF-68D4-4434-A800-A54FF3D92122} = {78DE58D0-8644-421D-B6A9-D17C2054ADA8}
	EndGlobalSection
	GlobalSection(ExtensibilityGlobals) = postSolution
		SolutionGuid = {E5E1919F-C1A5-4F5B-9A9F-D5100A544C04}
	EndGlobalSection
EndGlobal
